
Microsoft Visual Studio Solution File, Format Version 12.00
# Visual Studio 2012
Project("{FAE04EC0-301F-11D3-BF4B-00C04F79EFBC}") = "CSerpisAd", "CSerpisAd\CSerpisAd.csproj", "{2588249A-781A-4D8B-98CA-E9D1C9027F4D}"
EndProject
Global
	GlobalSection(SolutionConfigurationPlatforms) = preSolution
		Debug|x86 = Debug|x86
		Release|x86 = Release|x86
	EndGlobalSection
	GlobalSection(ProjectConfigurationPlatforms) = postSolution
		{2588249A-781A-4D8B-98CA-E9D1C9027F4D}.Debug|x86.ActiveCfg = Debug|x86
		{2588249A-781A-4D8B-98CA-E9D1C9027F4D}.Debug|x86.Build.0 = Debug|x86
		{2588249A-781A-4D8B-98CA-E9D1C9027F4D}.Release|x86.ActiveCfg = Release|x86
		{2588249A-781A-4D8B-98CA-E9D1C9027F4D}.Release|x86.Build.0 = Release|x86
	EndGlobalSection
EndGlobal
